
Microsoft Visual Studio Solution File, Format Version 12.00
# Visual Studio Version 16
VisualStudioVersion = 16.0.33801.447
MinimumVisualStudioVersion = 10.0.40219.1
Project("{9A19103F-16F7-4668-BE54-9A1E7A4F7556}") = "LINQ_Sample", "LINQ_Sample\LINQ_Sample.csproj", "{8CBC0ABC-E567-444C-B49E-5EB4541552D2}"
EndProject
Project("{9A19103F-16F7-4668-BE54-9A1E7A4F7556}") = "Lab2_App", "Lab2_App\Lab2_App.csproj", "{3CF2E491-6BCA-4D85-B676-E7ABC1890935}"
EndProject
Global
	GlobalSection(SolutionConfigurationPlatforms) = preSolution
		Debug|Any CPU = Debug|Any CPU
		Release|Any CPU = Release|Any CPU
	EndGlobalSection
	GlobalSection(ProjectConfigurationPlatforms) = postSolution
		{8CBC0ABC-E567-444C-B49E-5EB4541552D2}.Debug|Any CPU.ActiveCfg = Debug|Any CPU
		{8CBC0ABC-E567-444C-B49E-5EB4541552D2}.Debug|Any CPU.Build.0 = Debug|Any CPU
		{8CBC0ABC-E567-444C-B49E-5EB4541552D2}.Release|Any CPU.ActiveCfg = Release|Any CPU
		{8CBC0ABC-E567-444C-B49E-5EB4541552D2}.Release|Any CPU.Build.0 = Release|Any CPU
		{3CF2E491-6BCA-4D85-B676-E7ABC1890935}.Debug|Any CPU.ActiveCfg = Debug|Any CPU
		{3CF2E491-6BCA-4D85-B676-E7ABC1890935}.Debug|Any CPU.Build.0 = Debug|Any CPU
		{3CF2E491-6BCA-4D85-B676-E7ABC1890935}.Release|Any CPU.ActiveCfg = Release|Any CPU
		{3CF2E491-6BCA-4D85-B676-E7ABC1890935}.Release|Any CPU.Build.0 = Release|Any CPU
	EndGlobalSection
	GlobalSection(SolutionProperties) = preSolution
		HideSolutionNode = FALSE
	EndGlobalSection
	GlobalSection(ExtensibilityGlobals) = postSolution
		SolutionGuid = {64FDC6F8-C4F4-465B-9F43-FF0FA8ADD211}
	EndGlobalSection
EndGlobal
