
Microsoft Visual Studio Solution File, Format Version 12.00
# Visual Studio Version 17
VisualStudioVersion = 17.6.33829.357
MinimumVisualStudioVersion = 10.0.40219.1
Project("{FAE04EC0-301F-11D3-BF4B-00C04F79EFBC}") = "ChatLibrary", "ChatLibrary\ChatLibrary.csproj", "{E1D292E6-7831-4316-BB8F-39DDAB4B4569}"
EndProject
Global
	GlobalSection(SolutionConfigurationPlatforms) = preSolution
		Debug|Any CPU = Debug|Any CPU
		Release|Any CPU = Release|Any CPU
	EndGlobalSection
	GlobalSection(ProjectConfigurationPlatforms) = postSolution
		{E1D292E6-7831-4316-BB8F-39DDAB4B4569}.Debug|Any CPU.ActiveCfg = Debug|Any CPU
		{E1D292E6-7831-4316-BB8F-39DDAB4B4569}.Debug|Any CPU.Build.0 = Debug|Any CPU
		{E1D292E6-7831-4316-BB8F-39DDAB4B4569}.Release|Any CPU.ActiveCfg = Release|Any CPU
		{E1D292E6-7831-4316-BB8F-39DDAB4B4569}.Release|Any CPU.Build.0 = Release|Any CPU
	EndGlobalSection
	GlobalSection(SolutionProperties) = preSolution
		HideSolutionNode = FALSE
	EndGlobalSection
	GlobalSection(ExtensibilityGlobals) = postSolution
		SolutionGuid = {1B728243-0F53-4754-A883-5DF3AE0F4743}
	EndGlobalSection
EndGlobal
