
Microsoft Visual Studio Solution File, Format Version 12.00
# Visual Studio Version 17
VisualStudioVersion = 17.3.32825.248
MinimumVisualStudioVersion = 10.0.40219.1
Project("{FAE04EC0-301F-11D3-BF4B-00C04F79EFBC}") = "Lab6", "Lab6\webapiSample.csproj", "{F027CB01-FC0C-4287-A6F8-7B2155A0466D}"
EndProject
Global
	GlobalSection(SolutionConfigurationPlatforms) = preSolution
		Debug|Any CPU = Debug|Any CPU
		Release|Any CPU = Release|Any CPU
	EndGlobalSection
	GlobalSection(ProjectConfigurationPlatforms) = postSolution
		{F027CB01-FC0C-4287-A6F8-7B2155A0466D}.Debug|Any CPU.ActiveCfg = Debug|Any CPU
		{F027CB01-FC0C-4287-A6F8-7B2155A0466D}.Debug|Any CPU.Build.0 = Debug|Any CPU
		{F027CB01-FC0C-4287-A6F8-7B2155A0466D}.Release|Any CPU.ActiveCfg = Release|Any CPU
		{F027CB01-FC0C-4287-A6F8-7B2155A0466D}.Release|Any CPU.Build.0 = Release|Any CPU
	EndGlobalSection
	GlobalSection(SolutionProperties) = preSolution
		HideSolutionNode = FALSE
	EndGlobalSection
	GlobalSection(ExtensibilityGlobals) = postSolution
		SolutionGuid = {3CDEA106-E89B-405F-92BC-145F1BDBDEB2}
	EndGlobalSection
EndGlobal
