
Microsoft Visual Studio Solution File, Format Version 12.00
# Visual Studio Version 17
VisualStudioVersion = 17.9.34728.123
MinimumVisualStudioVersion = 10.0.40219.1
Project("{9A19103F-16F7-4668-BE54-9A1E7A4F7556}") = "3_LINQ_Filter", "3_LINQ_Filter\3_LINQ_Filter.csproj", "{4EA0B62A-4049-4880-B2DC-1798C54AAC11}"
EndProject
Project("{9A19103F-16F7-4668-BE54-9A1E7A4F7556}") = "9_LINQ_WhereImpl_1", "9_LINQ_WhereImpl_1\9_LINQ_WhereImpl_1.csproj", "{09D5D09E-F820-42BD-AB4E-2BB6FF8C4841}"
EndProject
Project("{9A19103F-16F7-4668-BE54-9A1E7A4F7556}") = "1_SequenceImpl_1", "1_SequenceImpl_1\1_SequenceImpl_1.csproj", "{9A695DC6-0163-436B-9373-DF96D9E23909}"
EndProject
Project("{9A19103F-16F7-4668-BE54-9A1E7A4F7556}") = "2_CollectionImpl", "2_CollectionImpl\2_CollectionImpl.csproj", "{9D603E27-FB3F-4D9D-91FA-B857450F4BB9}"
EndProject
Project("{9A19103F-16F7-4668-BE54-9A1E7A4F7556}") = "1_SequenceImpl_2", "1_SequenceImpl_2\1_SequenceImpl_2.csproj", "{075C977C-7224-4B1E-853B-2B878A4F3199}"
EndProject
Project("{9A19103F-16F7-4668-BE54-9A1E7A4F7556}") = "4_LINQ_Select", "4_LINQ_Select\4_LINQ_Select.csproj", "{498E66DA-04F4-4A7A-96BB-DE29BD48B678}"
EndProject
Project("{9A19103F-16F7-4668-BE54-9A1E7A4F7556}") = "6_LINQ_Single", "6_LINQ_Single\6_LINQ_Single.csproj", "{4C3C4C95-7184-4662-9A58-4F43E8E6AF5A}"
EndProject
Project("{9A19103F-16F7-4668-BE54-9A1E7A4F7556}") = "7_LINQ_Aggregate", "7_LINQ_Aggregate\7_LINQ_Aggregate.csproj", "{5E07D85D-2763-4A2C-88D8-F36FFA469954}"
EndProject
Project("{9A19103F-16F7-4668-BE54-9A1E7A4F7556}") = "8_LINQ_OrderBy", "8_LINQ_OrderBy\8_LINQ_OrderBy.csproj", "{A4C7AAAF-2101-4E0E-9689-373B04354820}"
EndProject
Project("{9A19103F-16F7-4668-BE54-9A1E7A4F7556}") = "5_LINQ_Filter_Select", "5_LINQ_Filter_Select\5_LINQ_Filter_Select.csproj", "{1203B8CC-B7E0-4673-92D5-2D46F81F7DB4}"
EndProject
Project("{9A19103F-16F7-4668-BE54-9A1E7A4F7556}") = "9_LINQ_WhereImpl_2", "9_LINQ_WhereImpl_2\9_LINQ_WhereImpl_2.csproj", "{E7BB92BA-E7E3-4CFF-9363-A82C28871708}"
EndProject
Project("{9A19103F-16F7-4668-BE54-9A1E7A4F7556}") = "9_LINQ_WhereImpl_3", "9_LINQ_WhereImpl_3\9_LINQ_WhereImpl_3.csproj", "{7AB894F0-F35E-42AE-8BC7-292D8C0DF22F}"
EndProject
Global
	GlobalSection(SolutionConfigurationPlatforms) = preSolution
		Debug|Any CPU = Debug|Any CPU
		Release|Any CPU = Release|Any CPU
	EndGlobalSection
	GlobalSection(ProjectConfigurationPlatforms) = postSolution
		{4EA0B62A-4049-4880-B2DC-1798C54AAC11}.Debug|Any CPU.ActiveCfg = Debug|Any CPU
		{4EA0B62A-4049-4880-B2DC-1798C54AAC11}.Debug|Any CPU.Build.0 = Debug|Any CPU
		{4EA0B62A-4049-4880-B2DC-1798C54AAC11}.Release|Any CPU.ActiveCfg = Release|Any CPU
		{4EA0B62A-4049-4880-B2DC-1798C54AAC11}.Release|Any CPU.Build.0 = Release|Any CPU
		{09D5D09E-F820-42BD-AB4E-2BB6FF8C4841}.Debug|Any CPU.ActiveCfg = Debug|Any CPU
		{09D5D09E-F820-42BD-AB4E-2BB6FF8C4841}.Debug|Any CPU.Build.0 = Debug|Any CPU
		{09D5D09E-F820-42BD-AB4E-2BB6FF8C4841}.Release|Any CPU.ActiveCfg = Release|Any CPU
		{09D5D09E-F820-42BD-AB4E-2BB6FF8C4841}.Release|Any CPU.Build.0 = Release|Any CPU
		{9A695DC6-0163-436B-9373-DF96D9E23909}.Debug|Any CPU.ActiveCfg = Debug|Any CPU
		{9A695DC6-0163-436B-9373-DF96D9E23909}.Debug|Any CPU.Build.0 = Debug|Any CPU
		{9A695DC6-0163-436B-9373-DF96D9E23909}.Release|Any CPU.ActiveCfg = Release|Any CPU
		{9A695DC6-0163-436B-9373-DF96D9E23909}.Release|Any CPU.Build.0 = Release|Any CPU
		{9D603E27-FB3F-4D9D-91FA-B857450F4BB9}.Debug|Any CPU.ActiveCfg = Debug|Any CPU
		{9D603E27-FB3F-4D9D-91FA-B857450F4BB9}.Debug|Any CPU.Build.0 = Debug|Any CPU
		{9D603E27-FB3F-4D9D-91FA-B857450F4BB9}.Release|Any CPU.ActiveCfg = Release|Any CPU
		{9D603E27-FB3F-4D9D-91FA-B857450F4BB9}.Release|Any CPU.Build.0 = Release|Any CPU
		{075C977C-7224-4B1E-853B-2B878A4F3199}.Debug|Any CPU.ActiveCfg = Debug|Any CPU
		{075C977C-7224-4B1E-853B-2B878A4F3199}.Debug|Any CPU.Build.0 = Debug|Any CPU
		{075C977C-7224-4B1E-853B-2B878A4F3199}.Release|Any CPU.ActiveCfg = Release|Any CPU
		{075C977C-7224-4B1E-853B-2B878A4F3199}.Release|Any CPU.Build.0 = Release|Any CPU
		{498E66DA-04F4-4A7A-96BB-DE29BD48B678}.Debug|Any CPU.ActiveCfg = Debug|Any CPU
		{498E66DA-04F4-4A7A-96BB-DE29BD48B678}.Debug|Any CPU.Build.0 = Debug|Any CPU
		{498E66DA-04F4-4A7A-96BB-DE29BD48B678}.Release|Any CPU.ActiveCfg = Release|Any CPU
		{498E66DA-04F4-4A7A-96BB-DE29BD48B678}.Release|Any CPU.Build.0 = Release|Any CPU
		{4C3C4C95-7184-4662-9A58-4F43E8E6AF5A}.Debug|Any CPU.ActiveCfg = Debug|Any CPU
		{4C3C4C95-7184-4662-9A58-4F43E8E6AF5A}.Debug|Any CPU.Build.0 = Debug|Any CPU
		{4C3C4C95-7184-4662-9A58-4F43E8E6AF5A}.Release|Any CPU.ActiveCfg = Release|Any CPU
		{4C3C4C95-7184-4662-9A58-4F43E8E6AF5A}.Release|Any CPU.Build.0 = Release|Any CPU
		{5E07D85D-2763-4A2C-88D8-F36FFA469954}.Debug|Any CPU.ActiveCfg = Debug|Any CPU
		{5E07D85D-2763-4A2C-88D8-F36FFA469954}.Debug|Any CPU.Build.0 = Debug|Any CPU
		{5E07D85D-2763-4A2C-88D8-F36FFA469954}.Release|Any CPU.ActiveCfg = Release|Any CPU
		{5E07D85D-2763-4A2C-88D8-F36FFA469954}.Release|Any CPU.Build.0 = Release|Any CPU
		{A4C7AAAF-2101-4E0E-9689-373B04354820}.Debug|Any CPU.ActiveCfg = Debug|Any CPU
		{A4C7AAAF-2101-4E0E-9689-373B04354820}.Debug|Any CPU.Build.0 = Debug|Any CPU
		{A4C7AAAF-2101-4E0E-9689-373B04354820}.Release|Any CPU.ActiveCfg = Release|Any CPU
		{A4C7AAAF-2101-4E0E-9689-373B04354820}.Release|Any CPU.Build.0 = Release|Any CPU
		{1203B8CC-B7E0-4673-92D5-2D46F81F7DB4}.Debug|Any CPU.ActiveCfg = Debug|Any CPU
		{1203B8CC-B7E0-4673-92D5-2D46F81F7DB4}.Debug|Any CPU.Build.0 = Debug|Any CPU
		{1203B8CC-B7E0-4673-92D5-2D46F81F7DB4}.Release|Any CPU.ActiveCfg = Release|Any CPU
		{1203B8CC-B7E0-4673-92D5-2D46F81F7DB4}.Release|Any CPU.Build.0 = Release|Any CPU
		{E7BB92BA-E7E3-4CFF-9363-A82C28871708}.Debug|Any CPU.ActiveCfg = Debug|Any CPU
		{E7BB92BA-E7E3-4CFF-9363-A82C28871708}.Debug|Any CPU.Build.0 = Debug|Any CPU
		{E7BB92BA-E7E3-4CFF-9363-A82C28871708}.Release|Any CPU.ActiveCfg = Release|Any CPU
		{E7BB92BA-E7E3-4CFF-9363-A82C28871708}.Release|Any CPU.Build.0 = Release|Any CPU
		{7AB894F0-F35E-42AE-8BC7-292D8C0DF22F}.Debug|Any CPU.ActiveCfg = Debug|Any CPU
		{7AB894F0-F35E-42AE-8BC7-292D8C0DF22F}.Debug|Any CPU.Build.0 = Debug|Any CPU
		{7AB894F0-F35E-42AE-8BC7-292D8C0DF22F}.Release|Any CPU.ActiveCfg = Release|Any CPU
		{7AB894F0-F35E-42AE-8BC7-292D8C0DF22F}.Release|Any CPU.Build.0 = Release|Any CPU
	EndGlobalSection
	GlobalSection(SolutionProperties) = preSolution
		HideSolutionNode = FALSE
	EndGlobalSection
	GlobalSection(ExtensibilityGlobals) = postSolution
		SolutionGuid = {0B4A1B51-49FB-4FEC-A4A7-D38E404AF73B}
	EndGlobalSection
EndGlobal
