
Microsoft Visual Studio Solution File, Format Version 12.00
# Visual Studio Version 16
VisualStudioVersion = 16.0.33801.447
MinimumVisualStudioVersion = 10.0.40219.1
Project("{FAE04EC0-301F-11D3-BF4B-00C04F79EFBC}") = "Lab6", "Lab6\Lab6.csproj", "{975FB799-01DC-4CF5-9EC3-B91162E32ADD}"
EndProject
Project("{FAE04EC0-301F-11D3-BF4B-00C04F79EFBC}") = "Lab6_Tests", "Lab6_Tests\Lab6_Tests.csproj", "{DD3EE975-7B94-4330-84C9-A140EAAA0E86}"
EndProject
Global
	GlobalSection(SolutionConfigurationPlatforms) = preSolution
		Debug|Any CPU = Debug|Any CPU
		Release|Any CPU = Release|Any CPU
	EndGlobalSection
	GlobalSection(ProjectConfigurationPlatforms) = postSolution
		{975FB799-01DC-4CF5-9EC3-B91162E32ADD}.Debug|Any CPU.ActiveCfg = Debug|Any CPU
		{975FB799-01DC-4CF5-9EC3-B91162E32ADD}.Debug|Any CPU.Build.0 = Debug|Any CPU
		{975FB799-01DC-4CF5-9EC3-B91162E32ADD}.Release|Any CPU.ActiveCfg = Release|Any CPU
		{975FB799-01DC-4CF5-9EC3-B91162E32ADD}.Release|Any CPU.Build.0 = Release|Any CPU
		{DD3EE975-7B94-4330-84C9-A140EAAA0E86}.Debug|Any CPU.ActiveCfg = Debug|Any CPU
		{DD3EE975-7B94-4330-84C9-A140EAAA0E86}.Debug|Any CPU.Build.0 = Debug|Any CPU
		{DD3EE975-7B94-4330-84C9-A140EAAA0E86}.Release|Any CPU.ActiveCfg = Release|Any CPU
		{DD3EE975-7B94-4330-84C9-A140EAAA0E86}.Release|Any CPU.Build.0 = Release|Any CPU
	EndGlobalSection
	GlobalSection(SolutionProperties) = preSolution
		HideSolutionNode = FALSE
	EndGlobalSection
	GlobalSection(ExtensibilityGlobals) = postSolution
		SolutionGuid = {63FC88D4-0C53-48AA-BF26-DC43715463C1}
	EndGlobalSection
EndGlobal
