
Microsoft Visual Studio Solution File, Format Version 12.00
# Visual Studio Version 17
VisualStudioVersion = 17.6.33829.357
MinimumVisualStudioVersion = 10.0.40219.1
Project("{9A19103F-16F7-4668-BE54-9A1E7A4F7556}") = "_1_adoMSSQL", "adoMSSQL\_1_adoMSSQL.csproj", "{229538E9-6535-4247-8F27-2AB63BEEDA73}"
EndProject
Project("{9A19103F-16F7-4668-BE54-9A1E7A4F7556}") = "_3_adoPostgreSQL", "adoPostgreSQL\_3_adoPostgreSQL.csproj", "{6D4504DC-15E5-4024-90B3-B6DF27FC7A61}"
EndProject
Project("{9A19103F-16F7-4668-BE54-9A1E7A4F7556}") = "_4_adoPostgreSQL_WithDAO_Simple", "adoPostgreSQL_WithDAO_Simple\_4_adoPostgreSQL_WithDAO_Simple.csproj", "{5B1753EC-CD8D-4BC1-9E0F-97865EF21E71}"
EndProject
Project("{9A19103F-16F7-4668-BE54-9A1E7A4F7556}") = "_5_adoPostgreSQL_WithDAO_Complex", "adoPostgreSQL_WithDAO_Complex\_5_adoPostgreSQL_WithDAO_Complex.csproj", "{3FE5A7C1-F588-4901-980B-52362064EADC}"
EndProject
Project("{9A19103F-16F7-4668-BE54-9A1E7A4F7556}") = "_6_EF_CodeFirst_SQLite", "EF_CodeFirst_SQLite\_6_EF_CodeFirst_SQLite.csproj", "{2BC45F6F-0626-4CF0-A0C2-D067E4D7214B}"
EndProject
Project("{9A19103F-16F7-4668-BE54-9A1E7A4F7556}") = "_0_IDisposable", "IDisposable\_0_IDisposable.csproj", "{C7D16F5B-BF68-4479-866E-B19A842BC65C}"
EndProject
Project("{9A19103F-16F7-4668-BE54-9A1E7A4F7556}") = "_2_adoMSSQL_NoUsing", "adoMSSQL_NoUsing\_2_adoMSSQL_NoUsing.csproj", "{6F26A59F-2535-41E9-9C92-C91716823A92}"
EndProject
Project("{9A19103F-16F7-4668-BE54-9A1E7A4F7556}") = "Lab3_Query_Samples", "Lab3_Query_Samples\Lab3_Query_Samples.csproj", "{5B5B3A65-3686-4297-8456-75848B791A59}"
EndProject
Project("{9A19103F-16F7-4668-BE54-9A1E7A4F7556}") = "11_EF_Annotations", "EF_Annotations\11_EF_Annotations.csproj", "{7564F248-8F7C-4186-8347-34D23C7133D2}"
EndProject
Project("{9A19103F-16F7-4668-BE54-9A1E7A4F7556}") = "_8_EF_DatabaseFirst_PostgreSQL", "EF_DatabaseFirst_PostgreSQL\_8_EF_DatabaseFirst_PostgreSQL.csproj", "{3C1B9CA4-B27B-4A9B-A4F4-DCF26C90F15C}"
EndProject
Project("{9A19103F-16F7-4668-BE54-9A1E7A4F7556}") = "_9_EF_ConfigFile", "EF_ConfigFile\_9_EF_ConfigFile.csproj", "{3E3DF2A8-7C9C-46C7-985F-B420A7F826F1}"
EndProject
Project("{9A19103F-16F7-4668-BE54-9A1E7A4F7556}") = "10_EF_Migrations", "EF_Migrations\10_EF_Migrations.csproj", "{1725E6A2-B9A4-4183-BFDE-0BEDC7F9F230}"
EndProject
Project("{9A19103F-16F7-4668-BE54-9A1E7A4F7556}") = "_7_EF_DatabaseFirst_MSSQL", "EF_DatabaseFirst_MSSQL\_7_EF_DatabaseFirst_MSSQL.csproj", "{68504169-9360-4984-83EB-7A3DFD07F95B}"
EndProject
Project("{9A19103F-16F7-4668-BE54-9A1E7A4F7556}") = "12_EF_FluentAPI_1", "EF_FluentAPI_1\12_EF_FluentAPI_1.csproj", "{8A97692E-D638-4134-A957-A59D8BEFDA69}"
EndProject
Project("{9A19103F-16F7-4668-BE54-9A1E7A4F7556}") = "13_EF_FluentAPI_2", "EF_FluentAPI_2\13_EF_FluentAPI_2.csproj", "{367423B5-9963-46EC-B9F7-941766E36FD0}"
EndProject
Project("{9A19103F-16F7-4668-BE54-9A1E7A4F7556}") = "15_ExplicitLoad", "ExplicitLoad\15_ExplicitLoad.csproj", "{897D5635-1EBB-41C7-80ED-23E6232C7FA1}"
EndProject
Project("{9A19103F-16F7-4668-BE54-9A1E7A4F7556}") = "16_EnumerableQueriable", "EnumerableQueriable\16_EnumerableQueriable.csproj", "{E1C611E6-A009-4BDC-BD4C-CB2E3F1165FC}"
EndProject
Project("{9A19103F-16F7-4668-BE54-9A1E7A4F7556}") = "14_LazyEagerLoad", "LazyEagerLoad\14_LazyEagerLoad.csproj", "{03BAC8B4-AB61-4642-BC1D-EEB4F3C64724}"
EndProject
Project("{9A19103F-16F7-4668-BE54-9A1E7A4F7556}") = "_1_adoMSSQL_AppConfig", "adoMSSQL_AppConfig\_1_adoMSSQL_AppConfig.csproj", "{3F3CC53B-87CE-455E-A09F-5FA91F20739C}"
EndProject
Project("{FAE04EC0-301F-11D3-BF4B-00C04F79EFBC}") = "_3_adoMSSQL_edmxModel", "adoMSSQL_edmxModel\_3_adoMSSQL_edmxModel.csproj", "{DB54D965-13FC-455A-B47A-E401C3CD0887}"
EndProject
Project("{9A19103F-16F7-4668-BE54-9A1E7A4F7556}") = "_3_adoMSSQL_DataObjectProxy", "adoMSSQL_DataObjectProxy\_3_adoMSSQL_DataObjectProxy.csproj", "{552FC07D-CB03-46D8-BE22-C7B67545A467}"
EndProject
Project("{9A19103F-16F7-4668-BE54-9A1E7A4F7556}") = "_3_adoMSSQL_EF_IQueryable", "adoMSSQL_EF_IQueryable\_3_adoMSSQL_EF_IQueryable.csproj", "{01F4C5F7-4277-4358-AA5E-D315FC3AC69F}"
EndProject
Project("{9A19103F-16F7-4668-BE54-9A1E7A4F7556}") = "_3_adoMSSQL_EF_LeftJoin", "adoMSSQL_EF_LeftJoin\_3_adoMSSQL_EF_LeftJoin.csproj", "{4AA11D67-0C07-4633-B843-4F814A98897F}"
EndProject
Project("{9A19103F-16F7-4668-BE54-9A1E7A4F7556}") = "ExpressionTree", "ExpressionTree\ExpressionTree.csproj", "{2119F688-721B-4375-9E4B-FB54E6A2044D}"
EndProject
Project("{9A19103F-16F7-4668-BE54-9A1E7A4F7556}") = "ExpressionTreeUsage", "ExpressionTreeUsage\ExpressionTreeUsage.csproj", "{BD004A9A-D294-465E-9FEF-D1E65DF72870}"
EndProject
Project("{FAE04EC0-301F-11D3-BF4B-00C04F79EFBC}") = "CleanArch", "CleanArch\CleanArch.csproj", "{B1429E66-4BCD-466D-95BB-918A51E7BE50}"
EndProject
Global
	GlobalSection(SolutionConfigurationPlatforms) = preSolution
		Debug|Any CPU = Debug|Any CPU
		Debug|x64 = Debug|x64
		Debug|x86 = Debug|x86
		Release|Any CPU = Release|Any CPU
		Release|x64 = Release|x64
		Release|x86 = Release|x86
	EndGlobalSection
	GlobalSection(ProjectConfigurationPlatforms) = postSolution
		{229538E9-6535-4247-8F27-2AB63BEEDA73}.Debug|Any CPU.ActiveCfg = Debug|Any CPU
		{229538E9-6535-4247-8F27-2AB63BEEDA73}.Debug|Any CPU.Build.0 = Debug|Any CPU
		{229538E9-6535-4247-8F27-2AB63BEEDA73}.Debug|x64.ActiveCfg = Debug|Any CPU
		{229538E9-6535-4247-8F27-2AB63BEEDA73}.Debug|x64.Build.0 = Debug|Any CPU
		{229538E9-6535-4247-8F27-2AB63BEEDA73}.Debug|x86.ActiveCfg = Debug|Any CPU
		{229538E9-6535-4247-8F27-2AB63BEEDA73}.Debug|x86.Build.0 = Debug|Any CPU
		{229538E9-6535-4247-8F27-2AB63BEEDA73}.Release|Any CPU.ActiveCfg = Release|Any CPU
		{229538E9-6535-4247-8F27-2AB63BEEDA73}.Release|Any CPU.Build.0 = Release|Any CPU
		{229538E9-6535-4247-8F27-2AB63BEEDA73}.Release|x64.ActiveCfg = Release|Any CPU
		{229538E9-6535-4247-8F27-2AB63BEEDA73}.Release|x64.Build.0 = Release|Any CPU
		{229538E9-6535-4247-8F27-2AB63BEEDA73}.Release|x86.ActiveCfg = Release|Any CPU
		{229538E9-6535-4247-8F27-2AB63BEEDA73}.Release|x86.Build.0 = Release|Any CPU
		{6D4504DC-15E5-4024-90B3-B6DF27FC7A61}.Debug|Any CPU.ActiveCfg = Debug|Any CPU
		{6D4504DC-15E5-4024-90B3-B6DF27FC7A61}.Debug|Any CPU.Build.0 = Debug|Any CPU
		{6D4504DC-15E5-4024-90B3-B6DF27FC7A61}.Debug|x64.ActiveCfg = Debug|Any CPU
		{6D4504DC-15E5-4024-90B3-B6DF27FC7A61}.Debug|x64.Build.0 = Debug|Any CPU
		{6D4504DC-15E5-4024-90B3-B6DF27FC7A61}.Debug|x86.ActiveCfg = Debug|Any CPU
		{6D4504DC-15E5-4024-90B3-B6DF27FC7A61}.Debug|x86.Build.0 = Debug|Any CPU
		{6D4504DC-15E5-4024-90B3-B6DF27FC7A61}.Release|Any CPU.ActiveCfg = Release|Any CPU
		{6D4504DC-15E5-4024-90B3-B6DF27FC7A61}.Release|Any CPU.Build.0 = Release|Any CPU
		{6D4504DC-15E5-4024-90B3-B6DF27FC7A61}.Release|x64.ActiveCfg = Release|Any CPU
		{6D4504DC-15E5-4024-90B3-B6DF27FC7A61}.Release|x64.Build.0 = Release|Any CPU
		{6D4504DC-15E5-4024-90B3-B6DF27FC7A61}.Release|x86.ActiveCfg = Release|Any CPU
		{6D4504DC-15E5-4024-90B3-B6DF27FC7A61}.Release|x86.Build.0 = Release|Any CPU
		{5B1753EC-CD8D-4BC1-9E0F-97865EF21E71}.Debug|Any CPU.ActiveCfg = Debug|Any CPU
		{5B1753EC-CD8D-4BC1-9E0F-97865EF21E71}.Debug|Any CPU.Build.0 = Debug|Any CPU
		{5B1753EC-CD8D-4BC1-9E0F-97865EF21E71}.Debug|x64.ActiveCfg = Debug|Any CPU
		{5B1753EC-CD8D-4BC1-9E0F-97865EF21E71}.Debug|x64.Build.0 = Debug|Any CPU
		{5B1753EC-CD8D-4BC1-9E0F-97865EF21E71}.Debug|x86.ActiveCfg = Debug|Any CPU
		{5B1753EC-CD8D-4BC1-9E0F-97865EF21E71}.Debug|x86.Build.0 = Debug|Any CPU
		{5B1753EC-CD8D-4BC1-9E0F-97865EF21E71}.Release|Any CPU.ActiveCfg = Release|Any CPU
		{5B1753EC-CD8D-4BC1-9E0F-97865EF21E71}.Release|Any CPU.Build.0 = Release|Any CPU
		{5B1753EC-CD8D-4BC1-9E0F-97865EF21E71}.Release|x64.ActiveCfg = Release|Any CPU
		{5B1753EC-CD8D-4BC1-9E0F-97865EF21E71}.Release|x64.Build.0 = Release|Any CPU
		{5B1753EC-CD8D-4BC1-9E0F-97865EF21E71}.Release|x86.ActiveCfg = Release|Any CPU
		{5B1753EC-CD8D-4BC1-9E0F-97865EF21E71}.Release|x86.Build.0 = Release|Any CPU
		{3FE5A7C1-F588-4901-980B-52362064EADC}.Debug|Any CPU.ActiveCfg = Debug|Any CPU
		{3FE5A7C1-F588-4901-980B-52362064EADC}.Debug|Any CPU.Build.0 = Debug|Any CPU
		{3FE5A7C1-F588-4901-980B-52362064EADC}.Debug|x64.ActiveCfg = Debug|Any CPU
		{3FE5A7C1-F588-4901-980B-52362064EADC}.Debug|x64.Build.0 = Debug|Any CPU
		{3FE5A7C1-F588-4901-980B-52362064EADC}.Debug|x86.ActiveCfg = Debug|Any CPU
		{3FE5A7C1-F588-4901-980B-52362064EADC}.Debug|x86.Build.0 = Debug|Any CPU
		{3FE5A7C1-F588-4901-980B-52362064EADC}.Release|Any CPU.ActiveCfg = Release|Any CPU
		{3FE5A7C1-F588-4901-980B-52362064EADC}.Release|Any CPU.Build.0 = Release|Any CPU
		{3FE5A7C1-F588-4901-980B-52362064EADC}.Release|x64.ActiveCfg = Release|Any CPU
		{3FE5A7C1-F588-4901-980B-52362064EADC}.Release|x64.Build.0 = Release|Any CPU
		{3FE5A7C1-F588-4901-980B-52362064EADC}.Release|x86.ActiveCfg = Release|Any CPU
		{3FE5A7C1-F588-4901-980B-52362064EADC}.Release|x86.Build.0 = Release|Any CPU
		{2BC45F6F-0626-4CF0-A0C2-D067E4D7214B}.Debug|Any CPU.ActiveCfg = Debug|Any CPU
		{2BC45F6F-0626-4CF0-A0C2-D067E4D7214B}.Debug|Any CPU.Build.0 = Debug|Any CPU
		{2BC45F6F-0626-4CF0-A0C2-D067E4D7214B}.Debug|x64.ActiveCfg = Debug|Any CPU
		{2BC45F6F-0626-4CF0-A0C2-D067E4D7214B}.Debug|x64.Build.0 = Debug|Any CPU
		{2BC45F6F-0626-4CF0-A0C2-D067E4D7214B}.Debug|x86.ActiveCfg = Debug|Any CPU
		{2BC45F6F-0626-4CF0-A0C2-D067E4D7214B}.Debug|x86.Build.0 = Debug|Any CPU
		{2BC45F6F-0626-4CF0-A0C2-D067E4D7214B}.Release|Any CPU.ActiveCfg = Release|Any CPU
		{2BC45F6F-0626-4CF0-A0C2-D067E4D7214B}.Release|Any CPU.Build.0 = Release|Any CPU
		{2BC45F6F-0626-4CF0-A0C2-D067E4D7214B}.Release|x64.ActiveCfg = Release|Any CPU
		{2BC45F6F-0626-4CF0-A0C2-D067E4D7214B}.Release|x64.Build.0 = Release|Any CPU
		{2BC45F6F-0626-4CF0-A0C2-D067E4D7214B}.Release|x86.ActiveCfg = Release|Any CPU
		{2BC45F6F-0626-4CF0-A0C2-D067E4D7214B}.Release|x86.Build.0 = Release|Any CPU
		{C7D16F5B-BF68-4479-866E-B19A842BC65C}.Debug|Any CPU.ActiveCfg = Debug|Any CPU
		{C7D16F5B-BF68-4479-866E-B19A842BC65C}.Debug|Any CPU.Build.0 = Debug|Any CPU
		{C7D16F5B-BF68-4479-866E-B19A842BC65C}.Debug|x64.ActiveCfg = Debug|Any CPU
		{C7D16F5B-BF68-4479-866E-B19A842BC65C}.Debug|x64.Build.0 = Debug|Any CPU
		{C7D16F5B-BF68-4479-866E-B19A842BC65C}.Debug|x86.ActiveCfg = Debug|Any CPU
		{C7D16F5B-BF68-4479-866E-B19A842BC65C}.Debug|x86.Build.0 = Debug|Any CPU
		{C7D16F5B-BF68-4479-866E-B19A842BC65C}.Release|Any CPU.ActiveCfg = Release|Any CPU
		{C7D16F5B-BF68-4479-866E-B19A842BC65C}.Release|Any CPU.Build.0 = Release|Any CPU
		{C7D16F5B-BF68-4479-866E-B19A842BC65C}.Release|x64.ActiveCfg = Release|Any CPU
		{C7D16F5B-BF68-4479-866E-B19A842BC65C}.Release|x64.Build.0 = Release|Any CPU
		{C7D16F5B-BF68-4479-866E-B19A842BC65C}.Release|x86.ActiveCfg = Release|Any CPU
		{C7D16F5B-BF68-4479-866E-B19A842BC65C}.Release|x86.Build.0 = Release|Any CPU
		{6F26A59F-2535-41E9-9C92-C91716823A92}.Debug|Any CPU.ActiveCfg = Debug|Any CPU
		{6F26A59F-2535-41E9-9C92-C91716823A92}.Debug|Any CPU.Build.0 = Debug|Any CPU
		{6F26A59F-2535-41E9-9C92-C91716823A92}.Debug|x64.ActiveCfg = Debug|Any CPU
		{6F26A59F-2535-41E9-9C92-C91716823A92}.Debug|x64.Build.0 = Debug|Any CPU
		{6F26A59F-2535-41E9-9C92-C91716823A92}.Debug|x86.ActiveCfg = Debug|Any CPU
		{6F26A59F-2535-41E9-9C92-C91716823A92}.Debug|x86.Build.0 = Debug|Any CPU
		{6F26A59F-2535-41E9-9C92-C91716823A92}.Release|Any CPU.ActiveCfg = Release|Any CPU
		{6F26A59F-2535-41E9-9C92-C91716823A92}.Release|Any CPU.Build.0 = Release|Any CPU
		{6F26A59F-2535-41E9-9C92-C91716823A92}.Release|x64.ActiveCfg = Release|Any CPU
		{6F26A59F-2535-41E9-9C92-C91716823A92}.Release|x64.Build.0 = Release|Any CPU
		{6F26A59F-2535-41E9-9C92-C91716823A92}.Release|x86.ActiveCfg = Release|Any CPU
		{6F26A59F-2535-41E9-9C92-C91716823A92}.Release|x86.Build.0 = Release|Any CPU
		{5B5B3A65-3686-4297-8456-75848B791A59}.Debug|Any CPU.ActiveCfg = Debug|Any CPU
		{5B5B3A65-3686-4297-8456-75848B791A59}.Debug|Any CPU.Build.0 = Debug|Any CPU
		{5B5B3A65-3686-4297-8456-75848B791A59}.Debug|x64.ActiveCfg = Debug|Any CPU
		{5B5B3A65-3686-4297-8456-75848B791A59}.Debug|x64.Build.0 = Debug|Any CPU
		{5B5B3A65-3686-4297-8456-75848B791A59}.Debug|x86.ActiveCfg = Debug|Any CPU
		{5B5B3A65-3686-4297-8456-75848B791A59}.Debug|x86.Build.0 = Debug|Any CPU
		{5B5B3A65-3686-4297-8456-75848B791A59}.Release|Any CPU.ActiveCfg = Release|Any CPU
		{5B5B3A65-3686-4297-8456-75848B791A59}.Release|Any CPU.Build.0 = Release|Any CPU
		{5B5B3A65-3686-4297-8456-75848B791A59}.Release|x64.ActiveCfg = Release|Any CPU
		{5B5B3A65-3686-4297-8456-75848B791A59}.Release|x64.Build.0 = Release|Any CPU
		{5B5B3A65-3686-4297-8456-75848B791A59}.Release|x86.ActiveCfg = Release|Any CPU
		{5B5B3A65-3686-4297-8456-75848B791A59}.Release|x86.Build.0 = Release|Any CPU
		{7564F248-8F7C-4186-8347-34D23C7133D2}.Debug|Any CPU.ActiveCfg = Debug|Any CPU
		{7564F248-8F7C-4186-8347-34D23C7133D2}.Debug|Any CPU.Build.0 = Debug|Any CPU
		{7564F248-8F7C-4186-8347-34D23C7133D2}.Debug|x64.ActiveCfg = Debug|Any CPU
		{7564F248-8F7C-4186-8347-34D23C7133D2}.Debug|x64.Build.0 = Debug|Any CPU
		{7564F248-8F7C-4186-8347-34D23C7133D2}.Debug|x86.ActiveCfg = Debug|Any CPU
		{7564F248-8F7C-4186-8347-34D23C7133D2}.Debug|x86.Build.0 = Debug|Any CPU
		{7564F248-8F7C-4186-8347-34D23C7133D2}.Release|Any CPU.ActiveCfg = Release|Any CPU
		{7564F248-8F7C-4186-8347-34D23C7133D2}.Release|Any CPU.Build.0 = Release|Any CPU
		{7564F248-8F7C-4186-8347-34D23C7133D2}.Release|x64.ActiveCfg = Release|Any CPU
		{7564F248-8F7C-4186-8347-34D23C7133D2}.Release|x64.Build.0 = Release|Any CPU
		{7564F248-8F7C-4186-8347-34D23C7133D2}.Release|x86.ActiveCfg = Release|Any CPU
		{7564F248-8F7C-4186-8347-34D23C7133D2}.Release|x86.Build.0 = Release|Any CPU
		{3C1B9CA4-B27B-4A9B-A4F4-DCF26C90F15C}.Debug|Any CPU.ActiveCfg = Debug|Any CPU
		{3C1B9CA4-B27B-4A9B-A4F4-DCF26C90F15C}.Debug|Any CPU.Build.0 = Debug|Any CPU
		{3C1B9CA4-B27B-4A9B-A4F4-DCF26C90F15C}.Debug|x64.ActiveCfg = Debug|Any CPU
		{3C1B9CA4-B27B-4A9B-A4F4-DCF26C90F15C}.Debug|x64.Build.0 = Debug|Any CPU
		{3C1B9CA4-B27B-4A9B-A4F4-DCF26C90F15C}.Debug|x86.ActiveCfg = Debug|Any CPU
		{3C1B9CA4-B27B-4A9B-A4F4-DCF26C90F15C}.Debug|x86.Build.0 = Debug|Any CPU
		{3C1B9CA4-B27B-4A9B-A4F4-DCF26C90F15C}.Release|Any CPU.ActiveCfg = Release|Any CPU
		{3C1B9CA4-B27B-4A9B-A4F4-DCF26C90F15C}.Release|Any CPU.Build.0 = Release|Any CPU
		{3C1B9CA4-B27B-4A9B-A4F4-DCF26C90F15C}.Release|x64.ActiveCfg = Release|Any CPU
		{3C1B9CA4-B27B-4A9B-A4F4-DCF26C90F15C}.Release|x64.Build.0 = Release|Any CPU
		{3C1B9CA4-B27B-4A9B-A4F4-DCF26C90F15C}.Release|x86.ActiveCfg = Release|Any CPU
		{3C1B9CA4-B27B-4A9B-A4F4-DCF26C90F15C}.Release|x86.Build.0 = Release|Any CPU
		{3E3DF2A8-7C9C-46C7-985F-B420A7F826F1}.Debug|Any CPU.ActiveCfg = Debug|Any CPU
		{3E3DF2A8-7C9C-46C7-985F-B420A7F826F1}.Debug|Any CPU.Build.0 = Debug|Any CPU
		{3E3DF2A8-7C9C-46C7-985F-B420A7F826F1}.Debug|x64.ActiveCfg = Debug|Any CPU
		{3E3DF2A8-7C9C-46C7-985F-B420A7F826F1}.Debug|x64.Build.0 = Debug|Any CPU
		{3E3DF2A8-7C9C-46C7-985F-B420A7F826F1}.Debug|x86.ActiveCfg = Debug|Any CPU
		{3E3DF2A8-7C9C-46C7-985F-B420A7F826F1}.Debug|x86.Build.0 = Debug|Any CPU
		{3E3DF2A8-7C9C-46C7-985F-B420A7F826F1}.Release|Any CPU.ActiveCfg = Release|Any CPU
		{3E3DF2A8-7C9C-46C7-985F-B420A7F826F1}.Release|Any CPU.Build.0 = Release|Any CPU
		{3E3DF2A8-7C9C-46C7-985F-B420A7F826F1}.Release|x64.ActiveCfg = Release|Any CPU
		{3E3DF2A8-7C9C-46C7-985F-B420A7F826F1}.Release|x64.Build.0 = Release|Any CPU
		{3E3DF2A8-7C9C-46C7-985F-B420A7F826F1}.Release|x86.ActiveCfg = Release|Any CPU
		{3E3DF2A8-7C9C-46C7-985F-B420A7F826F1}.Release|x86.Build.0 = Release|Any CPU
		{1725E6A2-B9A4-4183-BFDE-0BEDC7F9F230}.Debug|Any CPU.ActiveCfg = Debug|Any CPU
		{1725E6A2-B9A4-4183-BFDE-0BEDC7F9F230}.Debug|Any CPU.Build.0 = Debug|Any CPU
		{1725E6A2-B9A4-4183-BFDE-0BEDC7F9F230}.Debug|x64.ActiveCfg = Debug|Any CPU
		{1725E6A2-B9A4-4183-BFDE-0BEDC7F9F230}.Debug|x64.Build.0 = Debug|Any CPU
		{1725E6A2-B9A4-4183-BFDE-0BEDC7F9F230}.Debug|x86.ActiveCfg = Debug|Any CPU
		{1725E6A2-B9A4-4183-BFDE-0BEDC7F9F230}.Debug|x86.Build.0 = Debug|Any CPU
		{1725E6A2-B9A4-4183-BFDE-0BEDC7F9F230}.Release|Any CPU.ActiveCfg = Release|Any CPU
		{1725E6A2-B9A4-4183-BFDE-0BEDC7F9F230}.Release|Any CPU.Build.0 = Release|Any CPU
		{1725E6A2-B9A4-4183-BFDE-0BEDC7F9F230}.Release|x64.ActiveCfg = Release|Any CPU
		{1725E6A2-B9A4-4183-BFDE-0BEDC7F9F230}.Release|x64.Build.0 = Release|Any CPU
		{1725E6A2-B9A4-4183-BFDE-0BEDC7F9F230}.Release|x86.ActiveCfg = Release|Any CPU
		{1725E6A2-B9A4-4183-BFDE-0BEDC7F9F230}.Release|x86.Build.0 = Release|Any CPU
		{68504169-9360-4984-83EB-7A3DFD07F95B}.Debug|Any CPU.ActiveCfg = Debug|Any CPU
		{68504169-9360-4984-83EB-7A3DFD07F95B}.Debug|Any CPU.Build.0 = Debug|Any CPU
		{68504169-9360-4984-83EB-7A3DFD07F95B}.Debug|x64.ActiveCfg = Debug|Any CPU
		{68504169-9360-4984-83EB-7A3DFD07F95B}.Debug|x64.Build.0 = Debug|Any CPU
		{68504169-9360-4984-83EB-7A3DFD07F95B}.Debug|x86.ActiveCfg = Debug|Any CPU
		{68504169-9360-4984-83EB-7A3DFD07F95B}.Debug|x86.Build.0 = Debug|Any CPU
		{68504169-9360-4984-83EB-7A3DFD07F95B}.Release|Any CPU.ActiveCfg = Release|Any CPU
		{68504169-9360-4984-83EB-7A3DFD07F95B}.Release|Any CPU.Build.0 = Release|Any CPU
		{68504169-9360-4984-83EB-7A3DFD07F95B}.Release|x64.ActiveCfg = Release|Any CPU
		{68504169-9360-4984-83EB-7A3DFD07F95B}.Release|x64.Build.0 = Release|Any CPU
		{68504169-9360-4984-83EB-7A3DFD07F95B}.Release|x86.ActiveCfg = Release|Any CPU
		{68504169-9360-4984-83EB-7A3DFD07F95B}.Release|x86.Build.0 = Release|Any CPU
		{8A97692E-D638-4134-A957-A59D8BEFDA69}.Debug|Any CPU.ActiveCfg = Debug|Any CPU
		{8A97692E-D638-4134-A957-A59D8BEFDA69}.Debug|Any CPU.Build.0 = Debug|Any CPU
		{8A97692E-D638-4134-A957-A59D8BEFDA69}.Debug|x64.ActiveCfg = Debug|Any CPU
		{8A97692E-D638-4134-A957-A59D8BEFDA69}.Debug|x64.Build.0 = Debug|Any CPU
		{8A97692E-D638-4134-A957-A59D8BEFDA69}.Debug|x86.ActiveCfg = Debug|Any CPU
		{8A97692E-D638-4134-A957-A59D8BEFDA69}.Debug|x86.Build.0 = Debug|Any CPU
		{8A97692E-D638-4134-A957-A59D8BEFDA69}.Release|Any CPU.ActiveCfg = Release|Any CPU
		{8A97692E-D638-4134-A957-A59D8BEFDA69}.Release|Any CPU.Build.0 = Release|Any CPU
		{8A97692E-D638-4134-A957-A59D8BEFDA69}.Release|x64.ActiveCfg = Release|Any CPU
		{8A97692E-D638-4134-A957-A59D8BEFDA69}.Release|x64.Build.0 = Release|Any CPU
		{8A97692E-D638-4134-A957-A59D8BEFDA69}.Release|x86.ActiveCfg = Release|Any CPU
		{8A97692E-D638-4134-A957-A59D8BEFDA69}.Release|x86.Build.0 = Release|Any CPU
		{367423B5-9963-46EC-B9F7-941766E36FD0}.Debug|Any CPU.ActiveCfg = Debug|Any CPU
		{367423B5-9963-46EC-B9F7-941766E36FD0}.Debug|Any CPU.Build.0 = Debug|Any CPU
		{367423B5-9963-46EC-B9F7-941766E36FD0}.Debug|x64.ActiveCfg = Debug|Any CPU
		{367423B5-9963-46EC-B9F7-941766E36FD0}.Debug|x64.Build.0 = Debug|Any CPU
		{367423B5-9963-46EC-B9F7-941766E36FD0}.Debug|x86.ActiveCfg = Debug|Any CPU
		{367423B5-9963-46EC-B9F7-941766E36FD0}.Debug|x86.Build.0 = Debug|Any CPU
		{367423B5-9963-46EC-B9F7-941766E36FD0}.Release|Any CPU.ActiveCfg = Release|Any CPU
		{367423B5-9963-46EC-B9F7-941766E36FD0}.Release|Any CPU.Build.0 = Release|Any CPU
		{367423B5-9963-46EC-B9F7-941766E36FD0}.Release|x64.ActiveCfg = Release|Any CPU
		{367423B5-9963-46EC-B9F7-941766E36FD0}.Release|x64.Build.0 = Release|Any CPU
		{367423B5-9963-46EC-B9F7-941766E36FD0}.Release|x86.ActiveCfg = Release|Any CPU
		{367423B5-9963-46EC-B9F7-941766E36FD0}.Release|x86.Build.0 = Release|Any CPU
		{897D5635-1EBB-41C7-80ED-23E6232C7FA1}.Debug|Any CPU.ActiveCfg = Debug|Any CPU
		{897D5635-1EBB-41C7-80ED-23E6232C7FA1}.Debug|Any CPU.Build.0 = Debug|Any CPU
		{897D5635-1EBB-41C7-80ED-23E6232C7FA1}.Debug|x64.ActiveCfg = Debug|Any CPU
		{897D5635-1EBB-41C7-80ED-23E6232C7FA1}.Debug|x64.Build.0 = Debug|Any CPU
		{897D5635-1EBB-41C7-80ED-23E6232C7FA1}.Debug|x86.ActiveCfg = Debug|Any CPU
		{897D5635-1EBB-41C7-80ED-23E6232C7FA1}.Debug|x86.Build.0 = Debug|Any CPU
		{897D5635-1EBB-41C7-80ED-23E6232C7FA1}.Release|Any CPU.ActiveCfg = Release|Any CPU
		{897D5635-1EBB-41C7-80ED-23E6232C7FA1}.Release|Any CPU.Build.0 = Release|Any CPU
		{897D5635-1EBB-41C7-80ED-23E6232C7FA1}.Release|x64.ActiveCfg = Release|Any CPU
		{897D5635-1EBB-41C7-80ED-23E6232C7FA1}.Release|x64.Build.0 = Release|Any CPU
		{897D5635-1EBB-41C7-80ED-23E6232C7FA1}.Release|x86.ActiveCfg = Release|Any CPU
		{897D5635-1EBB-41C7-80ED-23E6232C7FA1}.Release|x86.Build.0 = Release|Any CPU
		{E1C611E6-A009-4BDC-BD4C-CB2E3F1165FC}.Debug|Any CPU.ActiveCfg = Debug|Any CPU
		{E1C611E6-A009-4BDC-BD4C-CB2E3F1165FC}.Debug|Any CPU.Build.0 = Debug|Any CPU
		{E1C611E6-A009-4BDC-BD4C-CB2E3F1165FC}.Debug|x64.ActiveCfg = Debug|Any CPU
		{E1C611E6-A009-4BDC-BD4C-CB2E3F1165FC}.Debug|x64.Build.0 = Debug|Any CPU
		{E1C611E6-A009-4BDC-BD4C-CB2E3F1165FC}.Debug|x86.ActiveCfg = Debug|Any CPU
		{E1C611E6-A009-4BDC-BD4C-CB2E3F1165FC}.Debug|x86.Build.0 = Debug|Any CPU
		{E1C611E6-A009-4BDC-BD4C-CB2E3F1165FC}.Release|Any CPU.ActiveCfg = Release|Any CPU
		{E1C611E6-A009-4BDC-BD4C-CB2E3F1165FC}.Release|Any CPU.Build.0 = Release|Any CPU
		{E1C611E6-A009-4BDC-BD4C-CB2E3F1165FC}.Release|x64.ActiveCfg = Release|Any CPU
		{E1C611E6-A009-4BDC-BD4C-CB2E3F1165FC}.Release|x64.Build.0 = Release|Any CPU
		{E1C611E6-A009-4BDC-BD4C-CB2E3F1165FC}.Release|x86.ActiveCfg = Release|Any CPU
		{E1C611E6-A009-4BDC-BD4C-CB2E3F1165FC}.Release|x86.Build.0 = Release|Any CPU
		{03BAC8B4-AB61-4642-BC1D-EEB4F3C64724}.Debug|Any CPU.ActiveCfg = Debug|Any CPU
		{03BAC8B4-AB61-4642-BC1D-EEB4F3C64724}.Debug|Any CPU.Build.0 = Debug|Any CPU
		{03BAC8B4-AB61-4642-BC1D-EEB4F3C64724}.Debug|x64.ActiveCfg = Debug|Any CPU
		{03BAC8B4-AB61-4642-BC1D-EEB4F3C64724}.Debug|x64.Build.0 = Debug|Any CPU
		{03BAC8B4-AB61-4642-BC1D-EEB4F3C64724}.Debug|x86.ActiveCfg = Debug|Any CPU
		{03BAC8B4-AB61-4642-BC1D-EEB4F3C64724}.Debug|x86.Build.0 = Debug|Any CPU
		{03BAC8B4-AB61-4642-BC1D-EEB4F3C64724}.Release|Any CPU.ActiveCfg = Release|Any CPU
		{03BAC8B4-AB61-4642-BC1D-EEB4F3C64724}.Release|Any CPU.Build.0 = Release|Any CPU
		{03BAC8B4-AB61-4642-BC1D-EEB4F3C64724}.Release|x64.ActiveCfg = Release|Any CPU
		{03BAC8B4-AB61-4642-BC1D-EEB4F3C64724}.Release|x64.Build.0 = Release|Any CPU
		{03BAC8B4-AB61-4642-BC1D-EEB4F3C64724}.Release|x86.ActiveCfg = Release|Any CPU
		{03BAC8B4-AB61-4642-BC1D-EEB4F3C64724}.Release|x86.Build.0 = Release|Any CPU
		{3F3CC53B-87CE-455E-A09F-5FA91F20739C}.Debug|Any CPU.ActiveCfg = Debug|Any CPU
		{3F3CC53B-87CE-455E-A09F-5FA91F20739C}.Debug|Any CPU.Build.0 = Debug|Any CPU
		{3F3CC53B-87CE-455E-A09F-5FA91F20739C}.Debug|x64.ActiveCfg = Debug|Any CPU
		{3F3CC53B-87CE-455E-A09F-5FA91F20739C}.Debug|x64.Build.0 = Debug|Any CPU
		{3F3CC53B-87CE-455E-A09F-5FA91F20739C}.Debug|x86.ActiveCfg = Debug|Any CPU
		{3F3CC53B-87CE-455E-A09F-5FA91F20739C}.Debug|x86.Build.0 = Debug|Any CPU
		{3F3CC53B-87CE-455E-A09F-5FA91F20739C}.Release|Any CPU.ActiveCfg = Release|Any CPU
		{3F3CC53B-87CE-455E-A09F-5FA91F20739C}.Release|Any CPU.Build.0 = Release|Any CPU
		{3F3CC53B-87CE-455E-A09F-5FA91F20739C}.Release|x64.ActiveCfg = Release|Any CPU
		{3F3CC53B-87CE-455E-A09F-5FA91F20739C}.Release|x64.Build.0 = Release|Any CPU
		{3F3CC53B-87CE-455E-A09F-5FA91F20739C}.Release|x86.ActiveCfg = Release|Any CPU
		{3F3CC53B-87CE-455E-A09F-5FA91F20739C}.Release|x86.Build.0 = Release|Any CPU
		{DB54D965-13FC-455A-B47A-E401C3CD0887}.Debug|Any CPU.ActiveCfg = Debug|Any CPU
		{DB54D965-13FC-455A-B47A-E401C3CD0887}.Debug|Any CPU.Build.0 = Debug|Any CPU
		{DB54D965-13FC-455A-B47A-E401C3CD0887}.Debug|x64.ActiveCfg = Debug|Any CPU
		{DB54D965-13FC-455A-B47A-E401C3CD0887}.Debug|x64.Build.0 = Debug|Any CPU
		{DB54D965-13FC-455A-B47A-E401C3CD0887}.Debug|x86.ActiveCfg = Debug|Any CPU
		{DB54D965-13FC-455A-B47A-E401C3CD0887}.Debug|x86.Build.0 = Debug|Any CPU
		{DB54D965-13FC-455A-B47A-E401C3CD0887}.Release|Any CPU.ActiveCfg = Release|Any CPU
		{DB54D965-13FC-455A-B47A-E401C3CD0887}.Release|Any CPU.Build.0 = Release|Any CPU
		{DB54D965-13FC-455A-B47A-E401C3CD0887}.Release|x64.ActiveCfg = Release|Any CPU
		{DB54D965-13FC-455A-B47A-E401C3CD0887}.Release|x64.Build.0 = Release|Any CPU
		{DB54D965-13FC-455A-B47A-E401C3CD0887}.Release|x86.ActiveCfg = Release|Any CPU
		{DB54D965-13FC-455A-B47A-E401C3CD0887}.Release|x86.Build.0 = Release|Any CPU
		{552FC07D-CB03-46D8-BE22-C7B67545A467}.Debug|Any CPU.ActiveCfg = Debug|Any CPU
		{552FC07D-CB03-46D8-BE22-C7B67545A467}.Debug|Any CPU.Build.0 = Debug|Any CPU
		{552FC07D-CB03-46D8-BE22-C7B67545A467}.Debug|x64.ActiveCfg = Debug|Any CPU
		{552FC07D-CB03-46D8-BE22-C7B67545A467}.Debug|x64.Build.0 = Debug|Any CPU
		{552FC07D-CB03-46D8-BE22-C7B67545A467}.Debug|x86.ActiveCfg = Debug|Any CPU
		{552FC07D-CB03-46D8-BE22-C7B67545A467}.Debug|x86.Build.0 = Debug|Any CPU
		{552FC07D-CB03-46D8-BE22-C7B67545A467}.Release|Any CPU.ActiveCfg = Release|Any CPU
		{552FC07D-CB03-46D8-BE22-C7B67545A467}.Release|Any CPU.Build.0 = Release|Any CPU
		{552FC07D-CB03-46D8-BE22-C7B67545A467}.Release|x64.ActiveCfg = Release|Any CPU
		{552FC07D-CB03-46D8-BE22-C7B67545A467}.Release|x64.Build.0 = Release|Any CPU
		{552FC07D-CB03-46D8-BE22-C7B67545A467}.Release|x86.ActiveCfg = Release|Any CPU
		{552FC07D-CB03-46D8-BE22-C7B67545A467}.Release|x86.Build.0 = Release|Any CPU
		{01F4C5F7-4277-4358-AA5E-D315FC3AC69F}.Debug|Any CPU.ActiveCfg = Debug|Any CPU
		{01F4C5F7-4277-4358-AA5E-D315FC3AC69F}.Debug|Any CPU.Build.0 = Debug|Any CPU
		{01F4C5F7-4277-4358-AA5E-D315FC3AC69F}.Debug|x64.ActiveCfg = Debug|Any CPU
		{01F4C5F7-4277-4358-AA5E-D315FC3AC69F}.Debug|x64.Build.0 = Debug|Any CPU
		{01F4C5F7-4277-4358-AA5E-D315FC3AC69F}.Debug|x86.ActiveCfg = Debug|Any CPU
		{01F4C5F7-4277-4358-AA5E-D315FC3AC69F}.Debug|x86.Build.0 = Debug|Any CPU
		{01F4C5F7-4277-4358-AA5E-D315FC3AC69F}.Release|Any CPU.ActiveCfg = Release|Any CPU
		{01F4C5F7-4277-4358-AA5E-D315FC3AC69F}.Release|Any CPU.Build.0 = Release|Any CPU
		{01F4C5F7-4277-4358-AA5E-D315FC3AC69F}.Release|x64.ActiveCfg = Release|Any CPU
		{01F4C5F7-4277-4358-AA5E-D315FC3AC69F}.Release|x64.Build.0 = Release|Any CPU
		{01F4C5F7-4277-4358-AA5E-D315FC3AC69F}.Release|x86.ActiveCfg = Release|Any CPU
		{01F4C5F7-4277-4358-AA5E-D315FC3AC69F}.Release|x86.Build.0 = Release|Any CPU
		{4AA11D67-0C07-4633-B843-4F814A98897F}.Debug|Any CPU.ActiveCfg = Debug|Any CPU
		{4AA11D67-0C07-4633-B843-4F814A98897F}.Debug|Any CPU.Build.0 = Debug|Any CPU
		{4AA11D67-0C07-4633-B843-4F814A98897F}.Debug|x64.ActiveCfg = Debug|Any CPU
		{4AA11D67-0C07-4633-B843-4F814A98897F}.Debug|x64.Build.0 = Debug|Any CPU
		{4AA11D67-0C07-4633-B843-4F814A98897F}.Debug|x86.ActiveCfg = Debug|Any CPU
		{4AA11D67-0C07-4633-B843-4F814A98897F}.Debug|x86.Build.0 = Debug|Any CPU
		{4AA11D67-0C07-4633-B843-4F814A98897F}.Release|Any CPU.ActiveCfg = Release|Any CPU
		{4AA11D67-0C07-4633-B843-4F814A98897F}.Release|Any CPU.Build.0 = Release|Any CPU
		{4AA11D67-0C07-4633-B843-4F814A98897F}.Release|x64.ActiveCfg = Release|Any CPU
		{4AA11D67-0C07-4633-B843-4F814A98897F}.Release|x64.Build.0 = Release|Any CPU
		{4AA11D67-0C07-4633-B843-4F814A98897F}.Release|x86.ActiveCfg = Release|Any CPU
		{4AA11D67-0C07-4633-B843-4F814A98897F}.Release|x86.Build.0 = Release|Any CPU
		{2119F688-721B-4375-9E4B-FB54E6A2044D}.Debug|Any CPU.ActiveCfg = Debug|Any CPU
		{2119F688-721B-4375-9E4B-FB54E6A2044D}.Debug|Any CPU.Build.0 = Debug|Any CPU
		{2119F688-721B-4375-9E4B-FB54E6A2044D}.Debug|x64.ActiveCfg = Debug|Any CPU
		{2119F688-721B-4375-9E4B-FB54E6A2044D}.Debug|x64.Build.0 = Debug|Any CPU
		{2119F688-721B-4375-9E4B-FB54E6A2044D}.Debug|x86.ActiveCfg = Debug|Any CPU
		{2119F688-721B-4375-9E4B-FB54E6A2044D}.Debug|x86.Build.0 = Debug|Any CPU
		{2119F688-721B-4375-9E4B-FB54E6A2044D}.Release|Any CPU.ActiveCfg = Release|Any CPU
		{2119F688-721B-4375-9E4B-FB54E6A2044D}.Release|Any CPU.Build.0 = Release|Any CPU
		{2119F688-721B-4375-9E4B-FB54E6A2044D}.Release|x64.ActiveCfg = Release|Any CPU
		{2119F688-721B-4375-9E4B-FB54E6A2044D}.Release|x64.Build.0 = Release|Any CPU
		{2119F688-721B-4375-9E4B-FB54E6A2044D}.Release|x86.ActiveCfg = Release|Any CPU
		{2119F688-721B-4375-9E4B-FB54E6A2044D}.Release|x86.Build.0 = Release|Any CPU
		{BD004A9A-D294-465E-9FEF-D1E65DF72870}.Debug|Any CPU.ActiveCfg = Debug|Any CPU
		{BD004A9A-D294-465E-9FEF-D1E65DF72870}.Debug|Any CPU.Build.0 = Debug|Any CPU
		{BD004A9A-D294-465E-9FEF-D1E65DF72870}.Debug|x64.ActiveCfg = Debug|Any CPU
		{BD004A9A-D294-465E-9FEF-D1E65DF72870}.Debug|x64.Build.0 = Debug|Any CPU
		{BD004A9A-D294-465E-9FEF-D1E65DF72870}.Debug|x86.ActiveCfg = Debug|Any CPU
		{BD004A9A-D294-465E-9FEF-D1E65DF72870}.Debug|x86.Build.0 = Debug|Any CPU
		{BD004A9A-D294-465E-9FEF-D1E65DF72870}.Release|Any CPU.ActiveCfg = Release|Any CPU
		{BD004A9A-D294-465E-9FEF-D1E65DF72870}.Release|Any CPU.Build.0 = Release|Any CPU
		{BD004A9A-D294-465E-9FEF-D1E65DF72870}.Release|x64.ActiveCfg = Release|Any CPU
		{BD004A9A-D294-465E-9FEF-D1E65DF72870}.Release|x64.Build.0 = Release|Any CPU
		{BD004A9A-D294-465E-9FEF-D1E65DF72870}.Release|x86.ActiveCfg = Release|Any CPU
		{BD004A9A-D294-465E-9FEF-D1E65DF72870}.Release|x86.Build.0 = Release|Any CPU
		{B1429E66-4BCD-466D-95BB-918A51E7BE50}.Debug|Any CPU.ActiveCfg = Debug|Any CPU
		{B1429E66-4BCD-466D-95BB-918A51E7BE50}.Debug|Any CPU.Build.0 = Debug|Any CPU
		{B1429E66-4BCD-466D-95BB-918A51E7BE50}.Debug|x64.ActiveCfg = Debug|Any CPU
		{B1429E66-4BCD-466D-95BB-918A51E7BE50}.Debug|x64.Build.0 = Debug|Any CPU
		{B1429E66-4BCD-466D-95BB-918A51E7BE50}.Debug|x86.ActiveCfg = Debug|Any CPU
		{B1429E66-4BCD-466D-95BB-918A51E7BE50}.Debug|x86.Build.0 = Debug|Any CPU
		{B1429E66-4BCD-466D-95BB-918A51E7BE50}.Release|Any CPU.ActiveCfg = Release|Any CPU
		{B1429E66-4BCD-466D-95BB-918A51E7BE50}.Release|Any CPU.Build.0 = Release|Any CPU
		{B1429E66-4BCD-466D-95BB-918A51E7BE50}.Release|x64.ActiveCfg = Release|Any CPU
		{B1429E66-4BCD-466D-95BB-918A51E7BE50}.Release|x64.Build.0 = Release|Any CPU
		{B1429E66-4BCD-466D-95BB-918A51E7BE50}.Release|x86.ActiveCfg = Release|Any CPU
		{B1429E66-4BCD-466D-95BB-918A51E7BE50}.Release|x86.Build.0 = Release|Any CPU
	EndGlobalSection
	GlobalSection(SolutionProperties) = preSolution
		HideSolutionNode = FALSE
	EndGlobalSection
	GlobalSection(ExtensibilityGlobals) = postSolution
		SolutionGuid = {EABE30DC-4054-48CD-BF86-3B59517ECAB6}
	EndGlobalSection
EndGlobal
