
Microsoft Visual Studio Solution File, Format Version 12.00
# Visual Studio Version 16
VisualStudioVersion = 16.0.32510.428
MinimumVisualStudioVersion = 10.0.40219.1
Project("{9A19103F-16F7-4668-BE54-9A1E7A4F7556}") = "PCALib_Tests", "PCALib\PCALib_Tests\PCALib_Tests.csproj", "{ED5DEFF8-9218-47B9-A447-D697E6D88CEB}"
EndProject
Project("{9A19103F-16F7-4668-BE54-9A1E7A4F7556}") = "PCALib", "PCALib\PCALib\PCALib.csproj", "{1C8B38EA-E4AA-4AAD-9298-BA54C4E04E8A}"
EndProject
Project("{9A19103F-16F7-4668-BE54-9A1E7A4F7556}") = "PCALib_Demo", "PCALib\PCALib_Demo\PCALib_Demo.csproj", "{FD265DA2-40B6-4112-9564-4F4B54BECD02}"
EndProject
Project("{9A19103F-16F7-4668-BE54-9A1E7A4F7556}") = "PCALib_Graph", "PCALib\PCALib_Graph\PCALib_Graph.csproj", "{9B9D0F75-2A88-4E56-B358-2584AB037B57}"
EndProject
Global
	GlobalSection(SolutionConfigurationPlatforms) = preSolution
		Debug|Any CPU = Debug|Any CPU
		Release|Any CPU = Release|Any CPU
	EndGlobalSection
	GlobalSection(ProjectConfigurationPlatforms) = postSolution
		{ED5DEFF8-9218-47B9-A447-D697E6D88CEB}.Debug|Any CPU.ActiveCfg = Debug|Any CPU
		{ED5DEFF8-9218-47B9-A447-D697E6D88CEB}.Debug|Any CPU.Build.0 = Debug|Any CPU
		{ED5DEFF8-9218-47B9-A447-D697E6D88CEB}.Release|Any CPU.ActiveCfg = Release|Any CPU
		{ED5DEFF8-9218-47B9-A447-D697E6D88CEB}.Release|Any CPU.Build.0 = Release|Any CPU
		{1C8B38EA-E4AA-4AAD-9298-BA54C4E04E8A}.Debug|Any CPU.ActiveCfg = Debug|Any CPU
		{1C8B38EA-E4AA-4AAD-9298-BA54C4E04E8A}.Debug|Any CPU.Build.0 = Debug|Any CPU
		{1C8B38EA-E4AA-4AAD-9298-BA54C4E04E8A}.Release|Any CPU.ActiveCfg = Release|Any CPU
		{1C8B38EA-E4AA-4AAD-9298-BA54C4E04E8A}.Release|Any CPU.Build.0 = Release|Any CPU
		{FD265DA2-40B6-4112-9564-4F4B54BECD02}.Debug|Any CPU.ActiveCfg = Debug|Any CPU
		{FD265DA2-40B6-4112-9564-4F4B54BECD02}.Debug|Any CPU.Build.0 = Debug|Any CPU
		{FD265DA2-40B6-4112-9564-4F4B54BECD02}.Release|Any CPU.ActiveCfg = Release|Any CPU
		{FD265DA2-40B6-4112-9564-4F4B54BECD02}.Release|Any CPU.Build.0 = Release|Any CPU
		{9B9D0F75-2A88-4E56-B358-2584AB037B57}.Debug|Any CPU.ActiveCfg = Debug|Any CPU
		{9B9D0F75-2A88-4E56-B358-2584AB037B57}.Debug|Any CPU.Build.0 = Debug|Any CPU
		{9B9D0F75-2A88-4E56-B358-2584AB037B57}.Release|Any CPU.ActiveCfg = Release|Any CPU
		{9B9D0F75-2A88-4E56-B358-2584AB037B57}.Release|Any CPU.Build.0 = Release|Any CPU
	EndGlobalSection
	GlobalSection(SolutionProperties) = preSolution
		HideSolutionNode = FALSE
	EndGlobalSection
	GlobalSection(ExtensibilityGlobals) = postSolution
		SolutionGuid = {8D1228FE-A582-4EF4-AF6F-2D12D9C015D3}
	EndGlobalSection
EndGlobal
