
Microsoft Visual Studio Solution File, Format Version 12.00
# Visual Studio Version 16
VisualStudioVersion = 16.0.32802.440
MinimumVisualStudioVersion = 10.0.40219.1
Project("{FAE04EC0-301F-11D3-BF4B-00C04F79EFBC}") = "asyncAppFR", "asyncAppFR.csproj", "{8F151326-8945-422A-AD87-9384613129FA}"
EndProject
Global
	GlobalSection(SolutionConfigurationPlatforms) = preSolution
		Debug|Any CPU = Debug|Any CPU
		Release|Any CPU = Release|Any CPU
	EndGlobalSection
	GlobalSection(ProjectConfigurationPlatforms) = postSolution
		{8F151326-8945-422A-AD87-9384613129FA}.Debug|Any CPU.ActiveCfg = Debug|Any CPU
		{8F151326-8945-422A-AD87-9384613129FA}.Debug|Any CPU.Build.0 = Debug|Any CPU
		{8F151326-8945-422A-AD87-9384613129FA}.Release|Any CPU.ActiveCfg = Release|Any CPU
		{8F151326-8945-422A-AD87-9384613129FA}.Release|Any CPU.Build.0 = Release|Any CPU
	EndGlobalSection
	GlobalSection(SolutionProperties) = preSolution
		HideSolutionNode = FALSE
	EndGlobalSection
	GlobalSection(ExtensibilityGlobals) = postSolution
		SolutionGuid = {163A0478-8A06-4013-AED3-3FD0C594E08D}
	EndGlobalSection
EndGlobal
